// !$*UTF8*$!
{
	archiveVersion = 1;
	classes = {
	};
	objectVersion = 50;
	objects = {

/* Begin PBXBuildFile section */
		0F6AAE4DB3D420C901C63817 /* Pods_Time_Clocker.framework in Frameworks */ = {isa = PBXBuildFile; fileRef = 468B1DA1CCAC9D0F9920CFBE /* Pods_Time_Clocker.framework */; };
		CF140ECD208EC21A0005037B /* DateSelectionVC.swift in Sources */ = {isa = PBXBuildFile; fileRef = CF140ECC208EC21A0005037B /* DateSelectionVC.swift */; };
		CF4555A120C3445800D91AB3 /* PayTableCell.swift in Sources */ = {isa = PBXBuildFile; fileRef = CF4555A020C3445800D91AB3 /* PayTableCell.swift */; };
		CF4555A320C3494900D91AB3 /* PayCheckTableVC.swift in Sources */ = {isa = PBXBuildFile; fileRef = CF4555A220C3494900D91AB3 /* PayCheckTableVC.swift */; };
		CF4555A520C34F2A00D91AB3 /* Paycheck.swift in Sources */ = {isa = PBXBuildFile; fileRef = CF4555A420C34F2A00D91AB3 /* Paycheck.swift */; };
		CF563FA820C7122700C5E0F6 /* PayCheckCreatorVC.swift in Sources */ = {isa = PBXBuildFile; fileRef = CF563FA720C7122700C5E0F6 /* PayCheckCreatorVC.swift */; };
		CF89780C208E6678002CE786 /* AppDelegate.swift in Sources */ = {isa = PBXBuildFile; fileRef = CF89780B208E6678002CE786 /* AppDelegate.swift */; };
		CF89780E208E6678002CE786 /* MainVC.swift in Sources */ = {isa = PBXBuildFile; fileRef = CF89780D208E6678002CE786 /* MainVC.swift */; };
		CF897811208E6678002CE786 /* Main.storyboard in Resources */ = {isa = PBXBuildFile; fileRef = CF89780F208E6678002CE786 /* Main.storyboard */; };
		CF897813208E667B002CE786 /* Assets.xcassets in Resources */ = {isa = PBXBuildFile; fileRef = CF897812208E667B002CE786 /* Assets.xcassets */; };
		CF897816208E667B002CE786 /* LaunchScreen.storyboard in Resources */ = {isa = PBXBuildFile; fileRef = CF897814208E667B002CE786 /* LaunchScreen.storyboard */; };
		CF89781E208E6D0A002CE786 /* TimeCell.swift in Sources */ = {isa = PBXBuildFile; fileRef = CF89781D208E6D0A002CE786 /* TimeCell.swift */; };
		CF897820208E6F2A002CE786 /* TimePunch.swift in Sources */ = {isa = PBXBuildFile; fileRef = CF89781F208E6F2A002CE786 /* TimePunch.swift */; };
/* End PBXBuildFile section */

/* Begin PBXFileReference section */
		468B1DA1CCAC9D0F9920CFBE /* Pods_Time_Clocker.framework */ = {isa = PBXFileReference; explicitFileType = wrapper.framework; includeInIndex = 0; path = Pods_Time_Clocker.framework; sourceTree = BUILT_PRODUCTS_DIR; };
		5C033D0E2BEF4BD81399451A /* Pods-Time_Clocker.release.xcconfig */ = {isa = PBXFileReference; includeInIndex = 1; lastKnownFileType = text.xcconfig; name = "Pods-Time_Clocker.release.xcconfig"; path = "Pods/Target Support Files/Pods-Time_Clocker/Pods-Time_Clocker.release.xcconfig"; sourceTree = "<group>"; };
		C4D73741273C2282F7C8576E /* Pods-Time_Clocker.debug.xcconfig */ = {isa = PBXFileReference; includeInIndex = 1; lastKnownFileType = text.xcconfig; name = "Pods-Time_Clocker.debug.xcconfig"; path = "Pods/Target Support Files/Pods-Time_Clocker/Pods-Time_Clocker.debug.xcconfig"; sourceTree = "<group>"; };
		CF140ECC208EC21A0005037B /* DateSelectionVC.swift */ = {isa = PBXFileReference; lastKnownFileType = sourcecode.swift; path = DateSelectionVC.swift; sourceTree = "<group>"; };
		CF4555A020C3445800D91AB3 /* PayTableCell.swift */ = {isa = PBXFileReference; lastKnownFileType = sourcecode.swift; path = PayTableCell.swift; sourceTree = "<group>"; };
		CF4555A220C3494900D91AB3 /* PayCheckTableVC.swift */ = {isa = PBXFileReference; lastKnownFileType = sourcecode.swift; path = PayCheckTableVC.swift; sourceTree = "<group>"; };
		CF4555A420C34F2A00D91AB3 /* Paycheck.swift */ = {isa = PBXFileReference; lastKnownFileType = sourcecode.swift; path = Paycheck.swift; sourceTree = "<group>"; };
		CF563FA720C7122700C5E0F6 /* PayCheckCreatorVC.swift */ = {isa = PBXFileReference; lastKnownFileType = sourcecode.swift; path = PayCheckCreatorVC.swift; sourceTree = "<group>"; };
		CF897808208E6678002CE786 /* Time_Clocker.app */ = {isa = PBXFileReference; explicitFileType = wrapper.application; includeInIndex = 0; path = Time_Clocker.app; sourceTree = BUILT_PRODUCTS_DIR; };
		CF89780B208E6678002CE786 /* AppDelegate.swift */ = {isa = PBXFileReference; lastKnownFileType = sourcecode.swift; path = AppDelegate.swift; sourceTree = "<group>"; };
		CF89780D208E6678002CE786 /* MainVC.swift */ = {isa = PBXFileReference; lastKnownFileType = sourcecode.swift; path = MainVC.swift; sourceTree = "<group>"; };
		CF897810208E6678002CE786 /* Base */ = {isa = PBXFileReference; lastKnownFileType = file.storyboard; name = Base; path = Base.lproj/Main.storyboard; sourceTree = "<group>"; };
		CF897812208E667B002CE786 /* Assets.xcassets */ = {isa = PBXFileReference; lastKnownFileType = folder.assetcatalog; path = Assets.xcassets; sourceTree = "<group>"; };
		CF897815208E667B002CE786 /* Base */ = {isa = PBXFileReference; lastKnownFileType = file.storyboard; name = Base; path = Base.lproj/LaunchScreen.storyboard; sourceTree = "<group>"; };
		CF897817208E667B002CE786 /* Info.plist */ = {isa = PBXFileReference; lastKnownFileType = text.plist.xml; path = Info.plist; sourceTree = "<group>"; };
		CF89781D208E6D0A002CE786 /* TimeCell.swift */ = {isa = PBXFileReference; lastKnownFileType = sourcecode.swift; path = TimeCell.swift; sourceTree = "<group>"; };
		CF89781F208E6F2A002CE786 /* TimePunch.swift */ = {isa = PBXFileReference; lastKnownFileType = sourcecode.swift; path = TimePunch.swift; sourceTree = "<group>"; };
/* End PBXFileReference section */

/* Begin PBXFrameworksBuildPhase section */
		CF897805208E6678002CE786 /* Frameworks */ = {
			isa = PBXFrameworksBuildPhase;
			buildActionMask = 2147483647;
			files = (
				0F6AAE4DB3D420C901C63817 /* Pods_Time_Clocker.framework in Frameworks */,
			);
			runOnlyForDeploymentPostprocessing = 0;
		};
/* End PBXFrameworksBuildPhase section */

/* Begin PBXGroup section */
		231659413A09009E5795B2AB /* Frameworks */ = {
			isa = PBXGroup;
			children = (
				468B1DA1CCAC9D0F9920CFBE /* Pods_Time_Clocker.framework */,
			);
			name = Frameworks;
			sourceTree = "<group>";
		};
		BF4948A7CA1DA21BEA8C41BB /* Pods */ = {
			isa = PBXGroup;
			children = (
				C4D73741273C2282F7C8576E /* Pods-Time_Clocker.debug.xcconfig */,
				5C033D0E2BEF4BD81399451A /* Pods-Time_Clocker.release.xcconfig */,
			);
			name = Pods;
			sourceTree = "<group>";
		};
		CF140EC8208EC02D0005037B /* Controller */ = {
			isa = PBXGroup;
			children = (
				CF89780D208E6678002CE786 /* MainVC.swift */,
				CF140ECC208EC21A0005037B /* DateSelectionVC.swift */,
				CF4555A220C3494900D91AB3 /* PayCheckTableVC.swift */,
				CF563FA720C7122700C5E0F6 /* PayCheckCreatorVC.swift */,
			);
			path = Controller;
			sourceTree = "<group>";
		};
		CF140EC9208EC0520005037B /* View */ = {
			isa = PBXGroup;
			children = (
				CF89780F208E6678002CE786 /* Main.storyboard */,
				CF89781D208E6D0A002CE786 /* TimeCell.swift */,
				CF4555A020C3445800D91AB3 /* PayTableCell.swift */,
			);
			path = View;
			sourceTree = "<group>";
		};
		CF140ECA208EC0630005037B /* Model */ = {
			isa = PBXGroup;
			children = (
				CF89781F208E6F2A002CE786 /* TimePunch.swift */,
				CF4555A420C34F2A00D91AB3 /* Paycheck.swift */,
			);
			path = Model;
			sourceTree = "<group>";
		};
		CF140ECB208EC08A0005037B /* Supporting Files */ = {
			isa = PBXGroup;
			children = (
				CF897812208E667B002CE786 /* Assets.xcassets */,
				CF897814208E667B002CE786 /* LaunchScreen.storyboard */,
			);
			path = "Supporting Files";
			sourceTree = "<group>";
		};
		CF8977FF208E6678002CE786 = {
			isa = PBXGroup;
			children = (
				CF89780A208E6678002CE786 /* Time_Clocker */,
				CF897809208E6678002CE786 /* Products */,
				BF4948A7CA1DA21BEA8C41BB /* Pods */,
				231659413A09009E5795B2AB /* Frameworks */,
			);
			sourceTree = "<group>";
		};
		CF897809208E6678002CE786 /* Products */ = {
			isa = PBXGroup;
			children = (
				CF897808208E6678002CE786 /* Time_Clocker.app */,
			);
			name = Products;
			sourceTree = "<group>";
		};
		CF89780A208E6678002CE786 /* Time_Clocker */ = {
			isa = PBXGroup;
			children = (
				CF89780B208E6678002CE786 /* AppDelegate.swift */,
				CF140EC8208EC02D0005037B /* Controller */,
				CF140EC9208EC0520005037B /* View */,
				CF140ECA208EC0630005037B /* Model */,
				CF140ECB208EC08A0005037B /* Supporting Files */,
				CF897817208E667B002CE786 /* Info.plist */,
			);
			path = Time_Clocker;
			sourceTree = "<group>";
		};
/* End PBXGroup section */

/* Begin PBXNativeTarget section */
		CF897807208E6678002CE786 /* Time_Clocker */ = {
			isa = PBXNativeTarget;
			buildConfigurationList = CF89781A208E667B002CE786 /* Build configuration list for PBXNativeTarget "Time_Clocker" */;
			buildPhases = (
				5E5D088F8BEC6C2EEA9CFFEA /* [CP] Check Pods Manifest.lock */,
				CF897804208E6678002CE786 /* Sources */,
				CF897805208E6678002CE786 /* Frameworks */,
				CF897806208E6678002CE786 /* Resources */,
				EED75B3EB6983062474FA3EB /* [CP] Embed Pods Frameworks */,
			);
			buildRules = (
			);
			dependencies = (
			);
			name = Time_Clocker;
			productName = Time_Clocker;
			productReference = CF897808208E6678002CE786 /* Time_Clocker.app */;
			productType = "com.apple.product-type.application";
		};
/* End PBXNativeTarget section */

/* Begin PBXProject section */
		CF897800208E6678002CE786 /* Project object */ = {
			isa = PBXProject;
			attributes = {
				LastSwiftUpdateCheck = 0930;
				LastUpgradeCheck = 0930;
				ORGANIZATIONNAME = "Shane Talbert";
				TargetAttributes = {
					CF897807208E6678002CE786 = {
						CreatedOnToolsVersion = 9.3;
					};
				};
			};
			buildConfigurationList = CF897803208E6678002CE786 /* Build configuration list for PBXProject "Time_Clocker" */;
			compatibilityVersion = "Xcode 9.3";
			developmentRegion = en;
			hasScannedForEncodings = 0;
			knownRegions = (
				en,
				Base,
			);
			mainGroup = CF8977FF208E6678002CE786;
			productRefGroup = CF897809208E6678002CE786 /* Products */;
			projectDirPath = "";
			projectRoot = "";
			targets = (
				CF897807208E6678002CE786 /* Time_Clocker */,
			);
		};
/* End PBXProject section */

/* Begin PBXResourcesBuildPhase section */
		CF897806208E6678002CE786 /* Resources */ = {
			isa = PBXResourcesBuildPhase;
			buildActionMask = 2147483647;
			files = (
				CF897816208E667B002CE786 /* LaunchScreen.storyboard in Resources */,
				CF897813208E667B002CE786 /* Assets.xcassets in Resources */,
				CF897811208E6678002CE786 /* Main.storyboard in Resources */,
			);
			runOnlyForDeploymentPostprocessing = 0;
		};
/* End PBXResourcesBuildPhase section */

/* Begin PBXShellScriptBuildPhase section */
		5E5D088F8BEC6C2EEA9CFFEA /* [CP] Check Pods Manifest.lock */ = {
			isa = PBXShellScriptBuildPhase;
			buildActionMask = 2147483647;
			files = (
			);
			inputPaths = (
				"${PODS_PODFILE_DIR_PATH}/Podfile.lock",
				"${PODS_ROOT}/Manifest.lock",
			);
			name = "[CP] Check Pods Manifest.lock";
			outputPaths = (
				"$(DERIVED_FILE_DIR)/Pods-Time_Clocker-checkManifestLockResult.txt",
			);
			runOnlyForDeploymentPostprocessing = 0;
			shellPath = /bin/sh;
			shellScript = "diff \"${PODS_PODFILE_DIR_PATH}/Podfile.lock\" \"${PODS_ROOT}/Manifest.lock\" > /dev/null\nif [ $? != 0 ] ; then\n    # print error to STDERR\n    echo \"error: The sandbox is not in sync with the Podfile.lock. Run 'pod install' or update your CocoaPods installation.\" >&2\n    exit 1\nfi\n# This output is used by Xcode 'outputs' to avoid re-running this script phase.\necho \"SUCCESS\" > \"${SCRIPT_OUTPUT_FILE_0}\"\n";
			showEnvVarsInLog = 0;
		};
		EED75B3EB6983062474FA3EB /* [CP] Embed Pods Frameworks */ = {
			isa = PBXShellScriptBuildPhase;
			buildActionMask = 2147483647;
			files = (
			);
			inputPaths = (
				"${SRCROOT}/Pods/Target Support Files/Pods-Time_Clocker/Pods-Time_Clocker-frameworks.sh",
				"${BUILT_PRODUCTS_DIR}/SwipeCellKit/SwipeCellKit.framework",
			);
			name = "[CP] Embed Pods Frameworks";
			outputPaths = (
				"${TARGET_BUILD_DIR}/${FRAMEWORKS_FOLDER_PATH}/SwipeCellKit.framework",
			);
			runOnlyForDeploymentPostprocessing = 0;
			shellPath = /bin/sh;
			shellScript = "\"${SRCROOT}/Pods/Target Support Files/Pods-Time_Clocker/Pods-Time_Clocker-frameworks.sh\"\n";
			showEnvVarsInLog = 0;
		};
/* End PBXShellScriptBuildPhase section */

/* Begin PBXSourcesBuildPhase section */
		CF897804208E6678002CE786 /* Sources */ = {
			isa = PBXSourcesBuildPhase;
			buildActionMask = 2147483647;
			files = (
				CF140ECD208EC21A0005037B /* DateSelectionVC.swift in Sources */,
				CF563FA820C7122700C5E0F6 /* PayCheckCreatorVC.swift in Sources */,
				CF4555A520C34F2A00D91AB3 /* Paycheck.swift in Sources */,
				CF89781E208E6D0A002CE786 /* TimeCell.swift in Sources */,
				CF4555A320C3494900D91AB3 /* PayCheckTableVC.swift in Sources */,
				CF89780E208E6678002CE786 /* MainVC.swift in Sources */,
				CF89780C208E6678002CE786 /* AppDelegate.swift in Sources */,
				CF897820208E6F2A002CE786 /* TimePunch.swift in Sources */,
				CF4555A120C3445800D91AB3 /* PayTableCell.swift in Sources */,
			);
			runOnlyForDeploymentPostprocessing = 0;
		};
/* End PBXSourcesBuildPhase section */

/* Begin PBXVariantGroup section */
		CF89780F208E6678002CE786 /* Main.storyboard */ = {
			isa = PBXVariantGroup;
			children = (
				CF897810208E6678002CE786 /* Base */,
			);
			name = Main.storyboard;
			sourceTree = "<group>";
		};
		CF897814208E667B002CE786 /* LaunchScreen.storyboard */ = {
			isa = PBXVariantGroup;
			children = (
				CF897815208E667B002CE786 /* Base */,
			);
			name = LaunchScreen.storyboard;
			sourceTree = "<group>";
		};
/* End PBXVariantGroup section */

/* Begin XCBuildConfiguration section */
		CF897818208E667B002CE786 /* Debug */ = {
			isa = XCBuildConfiguration;
			buildSettings = {
				ALWAYS_SEARCH_USER_PATHS = NO;
				CLANG_ANALYZER_NONNULL = YES;
				CLANG_ANALYZER_NUMBER_OBJECT_CONVERSION = YES_AGGRESSIVE;
				CLANG_CXX_LANGUAGE_STANDARD = "gnu++14";
				CLANG_CXX_LIBRARY = "libc++";
				CLANG_ENABLE_MODULES = YES;
				CLANG_ENABLE_OBJC_ARC = YES;
				CLANG_ENABLE_OBJC_WEAK = YES;
				CLANG_WARN_BLOCK_CAPTURE_AUTORELEASING = YES;
				CLANG_WARN_BOOL_CONVERSION = YES;
				CLANG_WARN_COMMA = YES;
				CLANG_WARN_CONSTANT_CONVERSION = YES;
				CLANG_WARN_DEPRECATED_OBJC_IMPLEMENTATIONS = YES;
				CLANG_WARN_DIRECT_OBJC_ISA_USAGE = YES_ERROR;
				CLANG_WARN_DOCUMENTATION_COMMENTS = YES;
				CLANG_WARN_EMPTY_BODY = YES;
				CLANG_WARN_ENUM_CONVERSION = YES;
				CLANG_WARN_INFINITE_RECURSION = YES;
				CLANG_WARN_INT_CONVERSION = YES;
				CLANG_WARN_NON_LITERAL_NULL_CONVERSION = YES;
				CLANG_WARN_OBJC_IMPLICIT_RETAIN_SELF = YES;
				CLANG_WARN_OBJC_LITERAL_CONVERSION = YES;
				CLANG_WARN_OBJC_ROOT_CLASS = YES_ERROR;
				CLANG_WARN_RANGE_LOOP_ANALYSIS = YES;
				CLANG_WARN_STRICT_PROTOTYPES = YES;
				CLANG_WARN_SUSPICIOUS_MOVE = YES;
				CLANG_WARN_UNGUARDED_AVAILABILITY = YES_AGGRESSIVE;
				CLANG_WARN_UNREACHABLE_CODE = YES;
				CLANG_WARN__DUPLICATE_METHOD_MATCH = YES;
				CODE_SIGN_IDENTITY = "iPhone Developer";
				COPY_PHASE_STRIP = NO;
				DEBUG_INFORMATION_FORMAT = dwarf;
				ENABLE_STRICT_OBJC_MSGSEND = YES;
				ENABLE_TESTABILITY = YES;
				GCC_C_LANGUAGE_STANDARD = gnu11;
				GCC_DYNAMIC_NO_PIC = NO;
				GCC_NO_COMMON_BLOCKS = YES;
				GCC_OPTIMIZATION_LEVEL = 0;
				GCC_PREPROCESSOR_DEFINITIONS = (
					"DEBUG=1",
					"$(inherited)",
				);
				GCC_WARN_64_TO_32_BIT_CONVERSION = YES;
				GCC_WARN_ABOUT_RETURN_TYPE = YES_ERROR;
				GCC_WARN_UNDECLARED_SELECTOR = YES;
				GCC_WARN_UNINITIALIZED_AUTOS = YES_AGGRESSIVE;
				GCC_WARN_UNUSED_FUNCTION = YES;
				GCC_WARN_UNUSED_VARIABLE = YES;
				IPHONEOS_DEPLOYMENT_TARGET = 11.3;
				MTL_ENABLE_DEBUG_INFO = YES;
				ONLY_ACTIVE_ARCH = YES;
				SDKROOT = iphoneos;
				SWIFT_ACTIVE_COMPILATION_CONDITIONS = DEBUG;
				SWIFT_OPTIMIZATION_LEVEL = "-Onone";
			};
			name = Debug;
		};
		CF897819208E667B002CE786 /* Release */ = {
			isa = XCBuildConfiguration;
			buildSettings = {
				ALWAYS_SEARCH_USER_PATHS = NO;
				CLANG_ANALYZER_NONNULL = YES;
				CLANG_ANALYZER_NUMBER_OBJECT_CONVERSION = YES_AGGRESSIVE;
				CLANG_CXX_LANGUAGE_STANDARD = "gnu++14";
				CLANG_CXX_LIBRARY = "libc++";
				CLANG_ENABLE_MODULES = YES;
				CLANG_ENABLE_OBJC_ARC = YES;
				CLANG_ENABLE_OBJC_WEAK = YES;
				CLANG_WARN_BLOCK_CAPTURE_AUTORELEASING = YES;
				CLANG_WARN_BOOL_CONVERSION = YES;
				CLANG_WARN_COMMA = YES;
				CLANG_WARN_CONSTANT_CONVERSION = YES;
				CLANG_WARN_DEPRECATED_OBJC_IMPLEMENTATIONS = YES;
				CLANG_WARN_DIRECT_OBJC_ISA_USAGE = YES_ERROR;
				CLANG_WARN_DOCUMENTATION_COMMENTS = YES;
				CLANG_WARN_EMPTY_BODY = YES;
				CLANG_WARN_ENUM_CONVERSION = YES;
				CLANG_WARN_INFINITE_RECURSION = YES;
				CLANG_WARN_INT_CONVERSION = YES;
				CLANG_WARN_NON_LITERAL_NULL_CONVERSION = YES;
				CLANG_WARN_OBJC_IMPLICIT_RETAIN_SELF = YES;
				CLANG_WARN_OBJC_LITERAL_CONVERSION = YES;
				CLANG_WARN_OBJC_ROOT_CLASS = YES_ERROR;
				CLANG_WARN_RANGE_LOOP_ANALYSIS = YES;
				CLANG_WARN_STRICT_PROTOTYPES = YES;
				CLANG_WARN_SUSPICIOUS_MOVE = YES;
				CLANG_WARN_UNGUARDED_AVAILABILITY = YES_AGGRESSIVE;
				CLANG_WARN_UNREACHABLE_CODE = YES;
				CLANG_WARN__DUPLICATE_METHOD_MATCH = YES;
				CODE_SIGN_IDENTITY = "iPhone Developer";
				COPY_PHASE_STRIP = NO;
				DEBUG_INFORMATION_FORMAT = "dwarf-with-dsym";
				ENABLE_NS_ASSERTIONS = NO;
				ENABLE_STRICT_OBJC_MSGSEND = YES;
				GCC_C_LANGUAGE_STANDARD = gnu11;
				GCC_NO_COMMON_BLOCKS = YES;
				GCC_WARN_64_TO_32_BIT_CONVERSION = YES;
				GCC_WARN_ABOUT_RETURN_TYPE = YES_ERROR;
				GCC_WARN_UNDECLARED_SELECTOR = YES;
				GCC_WARN_UNINITIALIZED_AUTOS = YES_AGGRESSIVE;
				GCC_WARN_UNUSED_FUNCTION = YES;
				GCC_WARN_UNUSED_VARIABLE = YES;
				IPHONEOS_DEPLOYMENT_TARGET = 11.3;
				MTL_ENABLE_DEBUG_INFO = NO;
				SDKROOT = iphoneos;
				SWIFT_COMPILATION_MODE = wholemodule;
				SWIFT_OPTIMIZATION_LEVEL = "-O";
				VALIDATE_PRODUCT = YES;
			};
			name = Release;
		};
		CF89781B208E667B002CE786 /* Debug */ = {
			isa = XCBuildConfiguration;
			baseConfigurationReference = C4D73741273C2282F7C8576E /* Pods-Time_Clocker.debug.xcconfig */;
			buildSettings = {
				ASSETCATALOG_COMPILER_APPICON_NAME = AppIcon;
				CODE_SIGN_STYLE = Automatic;
				DEVELOPMENT_TEAM = HJ3N23F853;
				INFOPLIST_FILE = Time_Clocker/Info.plist;
				IPHONEOS_DEPLOYMENT_TARGET = 11.0;
				LD_RUNPATH_SEARCH_PATHS = (
					"$(inherited)",
					"@executable_path/Frameworks",
				);
				PRODUCT_BUNDLE_IDENTIFIER = "com.shane.talbert1-gmail.com.Time-Clocker";
				PRODUCT_NAME = "$(TARGET_NAME)";
				SWIFT_VERSION = 4.0;
				TARGETED_DEVICE_FAMILY = "1,2";
			};
			name = Debug;
		};
		CF89781C208E667B002CE786 /* Release */ = {
			isa = XCBuildConfiguration;
			baseConfigurationReference = 5C033D0E2BEF4BD81399451A /* Pods-Time_Clocker.release.xcconfig */;
			buildSettings = {
				ASSETCATALOG_COMPILER_APPICON_NAME = AppIcon;
				CODE_SIGN_STYLE = Automatic;
				DEVELOPMENT_TEAM = HJ3N23F853;
				INFOPLIST_FILE = Time_Clocker/Info.plist;
				IPHONEOS_DEPLOYMENT_TARGET = 11.0;
				LD_RUNPATH_SEARCH_PATHS = (
					"$(inherited)",
					"@executable_path/Frameworks",
				);
				PRODUCT_BUNDLE_IDENTIFIER = "com.shane.talbert1-gmail.com.Time-Clocker";
				PRODUCT_NAME = "$(TARGET_NAME)";
				SWIFT_VERSION = 4.0;
				TARGETED_DEVICE_FAMILY = "1,2";
			};
			name = Release;
		};
/* End XCBuildConfiguration section */

/* Begin XCConfigurationList section */
		CF897803208E6678002CE786 /* Build configuration list for PBXProject "Time_Clocker" */ = {
			isa = XCConfigurationList;
			buildConfigurations = (
				CF897818208E667B002CE786 /* Debug */,
				CF897819208E667B002CE786 /* Release */,
			);
			defaultConfigurationIsVisible = 0;
			defaultConfigurationName = Release;
		};
		CF89781A208E667B002CE786 /* Build configuration list for PBXNativeTarget "Time_Clocker" */ = {
			isa = XCConfigurationList;
			buildConfigurations = (
				CF89781B208E667B002CE786 /* Debug */,
				CF89781C208E667B002CE786 /* Release */,
			);
			defaultConfigurationIsVisible = 0;
			defaultConfigurationName = Release;
		};
/* End XCConfigurationList section */
	};
	rootObject = CF897800208E6678002CE786 /* Project object */;
}
